// !$*UTF8*$!
{
	archiveVersion = 1;
	classes = {
	};
	objectVersion = 50;
	objects = {

/* Begin PBXBuildFile section */
		651263C32335BED400704C58 /* main.cpp in Sources */ = {isa = PBXBuildFile; fileRef = 651263C22335BED400704C58 /* main.cpp */; };
/* End PBXBuildFile section */

/* Begin PBXCopyFilesBuildPhase section */
		651263BD2335BED400704C58 /* CopyFiles */ = {
			isa = PBXCopyFilesBuildPhase;
			buildActionMask = 2147483647;
			dstPath = /usr/share/man/man1/;
			dstSubfolderSpec = 0;
			files = (
			);
			runOnlyForDeploymentPostprocessing = 1;
		};
/* End PBXCopyFilesBuildPhase section */

/* Begin PBXFileReference section */
		650236292335C1DB0073C89E /* ddt.h */ = {isa = PBXFileReference; lastKnownFileType = sourcecode.c.h; path = ddt.h; sourceTree = "<group>"; };
		6502362A2335C2140073C89E /* ddt_to_pd.h */ = {isa = PBXFileReference; lastKnownFileType = sourcecode.c.h; path = ddt_to_pd.h; sourceTree = "<group>"; };
		6511BF092338C80700DB6A8B /* milp_for_sbox.h */ = {isa = PBXFileReference; lastKnownFileType = sourcecode.c.h; path = milp_for_sbox.h; sourceTree = "<group>"; };
		651263BF2335BED400704C58 /* Milp */ = {isa = PBXFileReference; explicitFileType = "compiled.mach-o.executable"; includeInIndex = 0; path = Milp; sourceTree = BUILT_PRODUCTS_DIR; };
		651263C22335BED400704C58 /* main.cpp */ = {isa = PBXFileReference; lastKnownFileType = sourcecode.cpp.cpp; path = main.cpp; sourceTree = "<group>"; };
		65F07C4C2335C03900DB4EA8 /* delete_im.h */ = {isa = PBXFileReference; lastKnownFileType = sourcecode.c.h; path = delete_im.h; sourceTree = "<group>"; };
		65F07C4D2335C06600DB4EA8 /* delete_id.h */ = {isa = PBXFileReference; lastKnownFileType = sourcecode.c.h; path = delete_id.h; sourceTree = "<group>"; };
		65F07C4E2335C0FA00DB4EA8 /* greedy.h */ = {isa = PBXFileReference; lastKnownFileType = sourcecode.c.h; path = greedy.h; sourceTree = "<group>"; };
		65F07C4F2335C12A00DB4EA8 /* read_ieq.h */ = {isa = PBXFileReference; lastKnownFileType = sourcecode.c.h; path = read_ieq.h; sourceTree = "<group>"; };
		65F07C502335C17900DB4EA8 /* truth_table.h */ = {isa = PBXFileReference; lastKnownFileType = sourcecode.c.h; path = truth_table.h; sourceTree = "<group>"; };
/* End PBXFileReference section */

/* Begin PBXFrameworksBuildPhase section */
		651263BC2335BED400704C58 /* Frameworks */ = {
			isa = PBXFrameworksBuildPhase;
			buildActionMask = 2147483647;
			files = (
			);
			runOnlyForDeploymentPostprocessing = 0;
		};
/* End PBXFrameworksBuildPhase section */

/* Begin PBXGroup section */
		651263B62335BED400704C58 = {
			isa = PBXGroup;
			children = (
				651263C12335BED400704C58 /* Milp */,
				651263C02335BED400704C58 /* Products */,
			);
			sourceTree = "<group>";
		};
		651263C02335BED400704C58 /* Products */ = {
			isa = PBXGroup;
			children = (
				651263BF2335BED400704C58 /* Milp */,
			);
			name = Products;
			sourceTree = "<group>";
		};
		651263C12335BED400704C58 /* Milp */ = {
			isa = PBXGroup;
			children = (
				651263C22335BED400704C58 /* main.cpp */,
				65F07C4C2335C03900DB4EA8 /* delete_im.h */,
				65F07C4D2335C06600DB4EA8 /* delete_id.h */,
				65F07C4E2335C0FA00DB4EA8 /* greedy.h */,
				65F07C4F2335C12A00DB4EA8 /* read_ieq.h */,
				65F07C502335C17900DB4EA8 /* truth_table.h */,
				650236292335C1DB0073C89E /* ddt.h */,
				6502362A2335C2140073C89E /* ddt_to_pd.h */,
				6511BF092338C80700DB6A8B /* milp_for_sbox.h */,
			);
			path = Milp;
			sourceTree = "<group>";
		};
/* End PBXGroup section */

/* Begin PBXNativeTarget section */
		651263BE2335BED400704C58 /* Milp */ = {
			isa = PBXNativeTarget;
			buildConfigurationList = 651263C62335BED400704C58 /* Build configuration list for PBXNativeTarget "Milp" */;
			buildPhases = (
				651263BB2335BED400704C58 /* Sources */,
				651263BC2335BED400704C58 /* Frameworks */,
				651263BD2335BED400704C58 /* CopyFiles */,
			);
			buildRules = (
			);
			dependencies = (
			);
			name = Milp;
			productName = Milp;
			productReference = 651263BF2335BED400704C58 /* Milp */;
			productType = "com.apple.product-type.tool";
		};
/* End PBXNativeTarget section */

/* Begin PBXProject section */
		651263B72335BED400704C58 /* Project object */ = {
			isa = PBXProject;
			attributes = {
				LastUpgradeCheck = 1030;
				ORGANIZATIONNAME = "徐圣源";
				TargetAttributes = {
					651263BE2335BED400704C58 = {
						CreatedOnToolsVersion = 10.3;
					};
				};
			};
			buildConfigurationList = 651263BA2335BED400704C58 /* Build configuration list for PBXProject "Milp" */;
			compatibilityVersion = "Xcode 9.3";
			developmentRegion = en;
			hasScannedForEncodings = 0;
			knownRegions = (
				en,
			);
			mainGroup = 651263B62335BED400704C58;
			productRefGroup = 651263C02335BED400704C58 /* Products */;
			projectDirPath = "";
			projectRoot = "";
			targets = (
				651263BE2335BED400704C58 /* Milp */,
			);
		};
/* End PBXProject section */

/* Begin PBXSourcesBuildPhase section */
		651263BB2335BED400704C58 /* Sources */ = {
			isa = PBXSourcesBuildPhase;
			buildActionMask = 2147483647;
			files = (
				651263C32335BED400704C58 /* main.cpp in Sources */,
			);
			runOnlyForDeploymentPostprocessing = 0;
		};
/* End PBXSourcesBuildPhase section */

/* Begin XCBuildConfiguration section */
		651263C42335BED400704C58 /* Debug */ = {
			isa = XCBuildConfiguration;
			buildSettings = {
				ALWAYS_SEARCH_USER_PATHS = NO;
				CLANG_ANALYZER_NONNULL = YES;
				CLANG_ANALYZER_NUMBER_OBJECT_CONVERSION = YES_AGGRESSIVE;
				CLANG_CXX_LANGUAGE_STANDARD = "gnu++14";
				CLANG_CXX_LIBRARY = "libc++";
				CLANG_ENABLE_MODULES = YES;
				CLANG_ENABLE_OBJC_ARC = YES;
				CLANG_ENABLE_OBJC_WEAK = YES;
				CLANG_WARN_BLOCK_CAPTURE_AUTORELEASING = YES;
				CLANG_WARN_BOOL_CONVERSION = YES;
				CLANG_WARN_COMMA = YES;
				CLANG_WARN_CONSTANT_CONVERSION = YES;
				CLANG_WARN_DEPRECATED_OBJC_IMPLEMENTATIONS = YES;
				CLANG_WARN_DIRECT_OBJC_ISA_USAGE = YES_ERROR;
				CLANG_WARN_DOCUMENTATION_COMMENTS = YES;
				CLANG_WARN_EMPTY_BODY = YES;
				CLANG_WARN_ENUM_CONVERSION = YES;
				CLANG_WARN_INFINITE_RECURSION = YES;
				CLANG_WARN_INT_CONVERSION = YES;
				CLANG_WARN_NON_LITERAL_NULL_CONVERSION = YES;
				CLANG_WARN_OBJC_IMPLICIT_RETAIN_SELF = YES;
				CLANG_WARN_OBJC_LITERAL_CONVERSION = YES;
				CLANG_WARN_OBJC_ROOT_CLASS = YES_ERROR;
				CLANG_WARN_RANGE_LOOP_ANALYSIS = YES;
				CLANG_WARN_STRICT_PROTOTYPES = YES;
				CLANG_WARN_SUSPICIOUS_MOVE = YES;
				CLANG_WARN_UNGUARDED_AVAILABILITY = YES_AGGRESSIVE;
				CLANG_WARN_UNREACHABLE_CODE = YES;
				CLANG_WARN__DUPLICATE_METHOD_MATCH = YES;
				CODE_SIGN_IDENTITY = "-";
				COPY_PHASE_STRIP = NO;
				DEBUG_INFORMATION_FORMAT = dwarf;
				ENABLE_STRICT_OBJC_MSGSEND = YES;
				ENABLE_TESTABILITY = YES;
				GCC_C_LANGUAGE_STANDARD = gnu11;
				GCC_DYNAMIC_NO_PIC = NO;
				GCC_NO_COMMON_BLOCKS = YES;
				GCC_OPTIMIZATION_LEVEL = 0;
				GCC_PREPROCESSOR_DEFINITIONS = (
					"DEBUG=1",
					"$(inherited)",
				);
				GCC_WARN_64_TO_32_BIT_CONVERSION = YES;
				GCC_WARN_ABOUT_RETURN_TYPE = YES_ERROR;
				GCC_WARN_UNDECLARED_SELECTOR = YES;
				GCC_WARN_UNINITIALIZED_AUTOS = YES_AGGRESSIVE;
				GCC_WARN_UNUSED_FUNCTION = YES;
				GCC_WARN_UNUSED_VARIABLE = YES;
				MACOSX_DEPLOYMENT_TARGET = 10.14;
				MTL_ENABLE_DEBUG_INFO = INCLUDE_SOURCE;
				MTL_FAST_MATH = YES;
				ONLY_ACTIVE_ARCH = YES;
				SDKROOT = macosx;
			};
			name = Debug;
		};
		651263C52335BED400704C58 /* Release */ = {
			isa = XCBuildConfiguration;
			buildSettings = {
				ALWAYS_SEARCH_USER_PATHS = NO;
				CLANG_ANALYZER_NONNULL = YES;
				CLANG_ANALYZER_NUMBER_OBJECT_CONVERSION = YES_AGGRESSIVE;
				CLANG_CXX_LANGUAGE_STANDARD = "gnu++14";
				CLANG_CXX_LIBRARY = "libc++";
				CLANG_ENABLE_MODULES = YES;
				CLANG_ENABLE_OBJC_ARC = YES;
				CLANG_ENABLE_OBJC_WEAK = YES;
				CLANG_WARN_BLOCK_CAPTURE_AUTORELEASING = YES;
				CLANG_WARN_BOOL_CONVERSION = YES;
				CLANG_WARN_COMMA = YES;
				CLANG_WARN_CONSTANT_CONVERSION = YES;
				CLANG_WARN_DEPRECATED_OBJC_IMPLEMENTATIONS = YES;
				CLANG_WARN_DIRECT_OBJC_ISA_USAGE = YES_ERROR;
				CLANG_WARN_DOCUMENTATION_COMMENTS = YES;
				CLANG_WARN_EMPTY_BODY = YES;
				CLANG_WARN_ENUM_CONVERSION = YES;
				CLANG_WARN_INFINITE_RECURSION = YES;
				CLANG_WARN_INT_CONVERSION = YES;
				CLANG_WARN_NON_LITERAL_NULL_CONVERSION = YES;
				CLANG_WARN_OBJC_IMPLICIT_RETAIN_SELF = YES;
				CLANG_WARN_OBJC_LITERAL_CONVERSION = YES;
				CLANG_WARN_OBJC_ROOT_CLASS = YES_ERROR;
				CLANG_WARN_RANGE_LOOP_ANALYSIS = YES;
				CLANG_WARN_STRICT_PROTOTYPES = YES;
				CLANG_WARN_SUSPICIOUS_MOVE = YES;
				CLANG_WARN_UNGUARDED_AVAILABILITY = YES_AGGRESSIVE;
				CLANG_WARN_UNREACHABLE_CODE = YES;
				CLANG_WARN__DUPLICATE_METHOD_MATCH = YES;
				CODE_SIGN_IDENTITY = "-";
				COPY_PHASE_STRIP = NO;
				DEBUG_INFORMATION_FORMAT = "dwarf-with-dsym";
				ENABLE_NS_ASSERTIONS = NO;
				ENABLE_STRICT_OBJC_MSGSEND = YES;
				GCC_C_LANGUAGE_STANDARD = gnu11;
				GCC_NO_COMMON_BLOCKS = YES;
				GCC_WARN_64_TO_32_BIT_CONVERSION = YES;
				GCC_WARN_ABOUT_RETURN_TYPE = YES_ERROR;
				GCC_WARN_UNDECLARED_SELECTOR = YES;
				GCC_WARN_UNINITIALIZED_AUTOS = YES_AGGRESSIVE;
				GCC_WARN_UNUSED_FUNCTION = YES;
				GCC_WARN_UNUSED_VARIABLE = YES;
				MACOSX_DEPLOYMENT_TARGET = 10.14;
				MTL_ENABLE_DEBUG_INFO = NO;
				MTL_FAST_MATH = YES;
				SDKROOT = macosx;
			};
			name = Release;
		};
		651263C72335BED400704C58 /* Debug */ = {
			isa = XCBuildConfiguration;
			buildSettings = {
				CODE_SIGN_STYLE = Automatic;
				PRODUCT_NAME = "$(TARGET_NAME)";
			};
			name = Debug;
		};
		651263C82335BED400704C58 /* Release */ = {
			isa = XCBuildConfiguration;
			buildSettings = {
				CODE_SIGN_STYLE = Automatic;
				PRODUCT_NAME = "$(TARGET_NAME)";
			};
			name = Release;
		};
/* End XCBuildConfiguration section */

/* Begin XCConfigurationList section */
		651263BA2335BED400704C58 /* Build configuration list for PBXProject "Milp" */ = {
			isa = XCConfigurationList;
			buildConfigurations = (
				651263C42335BED400704C58 /* Debug */,
				651263C52335BED400704C58 /* Release */,
			);
			defaultConfigurationIsVisible = 0;
			defaultConfigurationName = Release;
		};
		651263C62335BED400704C58 /* Build configuration list for PBXNativeTarget "Milp" */ = {
			isa = XCConfigurationList;
			buildConfigurations = (
				651263C72335BED400704C58 /* Debug */,
				651263C82335BED400704C58 /* Release */,
			);
			defaultConfigurationIsVisible = 0;
			defaultConfigurationName = Release;
		};
/* End XCConfigurationList section */
	};
	rootObject = 651263B72335BED400704C58 /* Project object */;
}
